
Microsoft Visual Studio Solution File, Format Version 12.00
# Visual Studio Version 17
VisualStudioVersion = 17.4.33403.182
MinimumVisualStudioVersion = 10.0.40219.1
Project("{FAE04EC0-301F-11D3-BF4B-00C04F79EFBC}") = "YourStorage.Server", "Server\YourStorage.Server.csproj", "{E95A8349-5629-4335-8712-A2829F48B654}"
EndProject
Project("{FAE04EC0-301F-11D3-BF4B-00C04F79EFBC}") = "YourStorage.Client", "Client\YourStorage.Client.csproj", "{CAD0A0B3-C9E2-4520-AD3C-AAF867A5323A}"
EndProject
Project("{FAE04EC0-301F-11D3-BF4B-00C04F79EFBC}") = "YourStorage.Shared", "Shared\YourStorage.Shared.csproj", "{A4D628C8-1E98-419B-BAFB-124457F234EE}"
EndProject
Global
	GlobalSection(SolutionConfigurationPlatforms) = preSolution
		Debug|Any CPU = Debug|Any CPU
		Release|Any CPU = Release|Any CPU
	EndGlobalSection
	GlobalSection(ProjectConfigurationPlatforms) = postSolution
		{E95A8349-5629-4335-8712-A2829F48B654}.Debug|Any CPU.ActiveCfg = Debug|Any CPU
		{E95A8349-5629-4335-8712-A2829F48B654}.Debug|Any CPU.Build.0 = Debug|Any CPU
		{E95A8349-5629-4335-8712-A2829F48B654}.Release|Any CPU.ActiveCfg = Release|Any CPU
		{E95A8349-5629-4335-8712-A2829F48B654}.Release|Any CPU.Build.0 = Release|Any CPU
		{CAD0A0B3-C9E2-4520-AD3C-AAF867A5323A}.Debug|Any CPU.ActiveCfg = Debug|Any CPU
		{CAD0A0B3-C9E2-4520-AD3C-AAF867A5323A}.Debug|Any CPU.Build.0 = Debug|Any CPU
		{CAD0A0B3-C9E2-4520-AD3C-AAF867A5323A}.Release|Any CPU.ActiveCfg = Release|Any CPU
		{CAD0A0B3-C9E2-4520-AD3C-AAF867A5323A}.Release|Any CPU.Build.0 = Release|Any CPU
		{A4D628C8-1E98-419B-BAFB-124457F234EE}.Debug|Any CPU.ActiveCfg = Debug|Any CPU
		{A4D628C8-1E98-419B-BAFB-124457F234EE}.Debug|Any CPU.Build.0 = Debug|Any CPU
		{A4D628C8-1E98-419B-BAFB-124457F234EE}.Release|Any CPU.ActiveCfg = Release|Any CPU
		{A4D628C8-1E98-419B-BAFB-124457F234EE}.Release|Any CPU.Build.0 = Release|Any CPU
	EndGlobalSection
	GlobalSection(SolutionProperties) = preSolution
		HideSolutionNode = FALSE
	EndGlobalSection
	GlobalSection(ExtensibilityGlobals) = postSolution
		SolutionGuid = {4BCD5565-94BB-4E96-8E3E-5EF488EE1D6D}
	EndGlobalSection
EndGlobal
